
Microsoft Visual Studio Solution File, Format Version 12.00
# Visual Studio Version 16
VisualStudioVersion = 16.0.29613.14
MinimumVisualStudioVersion = 10.0.40219.1
Project("{FAE04EC0-301F-11D3-BF4B-00C04F79EFBC}") = "Noticeboard", "Noticeboard.csproj", "{FE0DAF4D-DBD2-406C-859B-25146A698205}"
EndProject
Global
	GlobalSection(SolutionConfigurationPlatforms) = preSolution
		Debug|Any CPU = Debug|Any CPU
		Release|Any CPU = Release|Any CPU
	EndGlobalSection
	GlobalSection(ProjectConfigurationPlatforms) = postSolution
		{FE0DAF4D-DBD2-406C-859B-25146A698205}.Debug|Any CPU.ActiveCfg = Debug|Any CPU
		{FE0DAF4D-DBD2-406C-859B-25146A698205}.Debug|Any CPU.Build.0 = Debug|Any CPU
		{FE0DAF4D-DBD2-406C-859B-25146A698205}.Release|Any CPU.ActiveCfg = Release|Any CPU
		{FE0DAF4D-DBD2-406C-859B-25146A698205}.Release|Any CPU.Build.0 = Release|Any CPU
	EndGlobalSection
	GlobalSection(SolutionProperties) = preSolution
		HideSolutionNode = FALSE
	EndGlobalSection
	GlobalSection(ExtensibilityGlobals) = postSolution
		SolutionGuid = {E2BA0ACE-660B-4087-9B37-24404E3D0E73}
	EndGlobalSection
EndGlobal
